// !$*UTF8*$!
{
	archiveVersion = 1;
	classes = {
	};
	objectVersion = 56;
	objects = {

/* Begin PBXBuildFile section */
		2525942529F19DDF0007F0D1 /* CleanArchKit.framework in Frameworks */ = {isa = PBXBuildFile; fileRef = 256205FC29E5A2CB00896F1C /* CleanArchKit.framework */; };
		280F996D2B629F7700F905B6 /* CleanArchKitTests.swift in Sources */ = {isa = PBXBuildFile; fileRef = 280F996B2B629F7700F905B6 /* CleanArchKitTests.swift */; };
		280F99712B62A0A100F905B6 /* MockMapper.swift in Sources */ = {isa = PBXBuildFile; fileRef = 280F99702B62A0A100F905B6 /* MockMapper.swift */; };
		280F997E2B62A0D700F905B6 /* ViewControllerProtocol.swift in Sources */ = {isa = PBXBuildFile; fileRef = 280F99732B62A0D700F905B6 /* ViewControllerProtocol.swift */; };
		280F997F2B62A0D700F905B6 /* ViewModelProtocol.swift in Sources */ = {isa = PBXBuildFile; fileRef = 280F99742B62A0D700F905B6 /* ViewModelProtocol.swift */; };
		280F99802B62A0D700F905B6 /* Router.swift in Sources */ = {isa = PBXBuildFile; fileRef = 280F99752B62A0D700F905B6 /* Router.swift */; };
		280F99812B62A0D700F905B6 /* DIProtocol.swift in Sources */ = {isa = PBXBuildFile; fileRef = 280F99762B62A0D700F905B6 /* DIProtocol.swift */; };
		280F99822B62A0D700F905B6 /* BaseUseCase.swift in Sources */ = {isa = PBXBuildFile; fileRef = 280F99782B62A0D700F905B6 /* BaseUseCase.swift */; };
		280F99832B62A0D700F905B6 /* BaseViewController.swift in Sources */ = {isa = PBXBuildFile; fileRef = 280F99792B62A0D700F905B6 /* BaseViewController.swift */; };
		280F99842B62A0D700F905B6 /* BaseViewModel.swift in Sources */ = {isa = PBXBuildFile; fileRef = 280F997A2B62A0D700F905B6 /* BaseViewModel.swift */; };
		280F99852B62A0D700F905B6 /* BaseRouter.swift in Sources */ = {isa = PBXBuildFile; fileRef = 280F997B2B62A0D700F905B6 /* BaseRouter.swift */; };
		280F99862B62A0D700F905B6 /* BaseMapper.swift in Sources */ = {isa = PBXBuildFile; fileRef = 280F997C2B62A0D700F905B6 /* BaseMapper.swift */; };
		280F99872B62A0D700F905B6 /* CleanArchKit.h in Headers */ = {isa = PBXBuildFile; fileRef = 280F997D2B62A0D700F905B6 /* CleanArchKit.h */; };
/* End PBXBuildFile section */

/* Begin PBXContainerItemProxy section */
		2562060629E5A2CB00896F1C /* PBXContainerItemProxy */ = {
			isa = PBXContainerItemProxy;
			containerPortal = 256205F329E5A2CB00896F1C /* Project object */;
			proxyType = 1;
			remoteGlobalIDString = 256205FB29E5A2CB00896F1C;
			remoteInfo = CleanArchKit;
		};
/* End PBXContainerItemProxy section */

/* Begin PBXFileReference section */
		2525941929F18B290007F0D1 /* RxSwift.framework */ = {isa = PBXFileReference; explicitFileType = wrapper.framework; path = RxSwift.framework; sourceTree = BUILT_PRODUCTS_DIR; };
		256205FC29E5A2CB00896F1C /* CleanArchKit.framework */ = {isa = PBXFileReference; explicitFileType = wrapper.framework; includeInIndex = 0; path = CleanArchKit.framework; sourceTree = BUILT_PRODUCTS_DIR; };
		2562060429E5A2CB00896F1C /* CleanArchKitTests.xctest */ = {isa = PBXFileReference; explicitFileType = wrapper.cfbundle; includeInIndex = 0; path = CleanArchKitTests.xctest; sourceTree = BUILT_PRODUCTS_DIR; };
		280F996B2B629F7700F905B6 /* CleanArchKitTests.swift */ = {isa = PBXFileReference; fileEncoding = 4; lastKnownFileType = sourcecode.swift; name = CleanArchKitTests.swift; path = ../../Tests/CleanArchKitTests/CleanArchKitTests.swift; sourceTree = "<group>"; };
		280F99702B62A0A100F905B6 /* MockMapper.swift */ = {isa = PBXFileReference; fileEncoding = 4; lastKnownFileType = sourcecode.swift; path = MockMapper.swift; sourceTree = "<group>"; };
		280F99732B62A0D700F905B6 /* ViewControllerProtocol.swift */ = {isa = PBXFileReference; fileEncoding = 4; lastKnownFileType = sourcecode.swift; path = ViewControllerProtocol.swift; sourceTree = "<group>"; };
		280F99742B62A0D700F905B6 /* ViewModelProtocol.swift */ = {isa = PBXFileReference; fileEncoding = 4; lastKnownFileType = sourcecode.swift; path = ViewModelProtocol.swift; sourceTree = "<group>"; };
		280F99752B62A0D700F905B6 /* Router.swift */ = {isa = PBXFileReference; fileEncoding = 4; lastKnownFileType = sourcecode.swift; path = Router.swift; sourceTree = "<group>"; };
		280F99762B62A0D700F905B6 /* DIProtocol.swift */ = {isa = PBXFileReference; fileEncoding = 4; lastKnownFileType = sourcecode.swift; path = DIProtocol.swift; sourceTree = "<group>"; };
		280F99782B62A0D700F905B6 /* BaseUseCase.swift */ = {isa = PBXFileReference; fileEncoding = 4; lastKnownFileType = sourcecode.swift; path = BaseUseCase.swift; sourceTree = "<group>"; };
		280F99792B62A0D700F905B6 /* BaseViewController.swift */ = {isa = PBXFileReference; fileEncoding = 4; lastKnownFileType = sourcecode.swift; path = BaseViewController.swift; sourceTree = "<group>"; };
		280F997A2B62A0D700F905B6 /* BaseViewModel.swift */ = {isa = PBXFileReference; fileEncoding = 4; lastKnownFileType = sourcecode.swift; path = BaseViewModel.swift; sourceTree = "<group>"; };
		280F997B2B62A0D700F905B6 /* BaseRouter.swift */ = {isa = PBXFileReference; fileEncoding = 4; lastKnownFileType = sourcecode.swift; path = BaseRouter.swift; sourceTree = "<group>"; };
		280F997C2B62A0D700F905B6 /* BaseMapper.swift */ = {isa = PBXFileReference; fileEncoding = 4; lastKnownFileType = sourcecode.swift; path = BaseMapper.swift; sourceTree = "<group>"; };
		280F997D2B62A0D700F905B6 /* CleanArchKit.h */ = {isa = PBXFileReference; fileEncoding = 4; lastKnownFileType = sourcecode.c.h; name = CleanArchKit.h; path = ../../Sources/CleanArchKit/CleanArchKit.h; sourceTree = "<group>"; };
/* End PBXFileReference section */

/* Begin PBXFrameworksBuildPhase section */
		256205F929E5A2CB00896F1C /* Frameworks */ = {
			isa = PBXFrameworksBuildPhase;
			buildActionMask = 2147483647;
			files = (
			);
			runOnlyForDeploymentPostprocessing = 0;
		};
		2562060129E5A2CB00896F1C /* Frameworks */ = {
			isa = PBXFrameworksBuildPhase;
			buildActionMask = 2147483647;
			files = (
				2525942529F19DDF0007F0D1 /* CleanArchKit.framework in Frameworks */,
			);
			runOnlyForDeploymentPostprocessing = 0;
		};
/* End PBXFrameworksBuildPhase section */

/* Begin PBXGroup section */
		256205F229E5A2CB00896F1C = {
			isa = PBXGroup;
			children = (
				256205FE29E5A2CB00896F1C /* CleanArchKit */,
				2562060829E5A2CB00896F1C /* CleanArchKitTests */,
				256205FD29E5A2CB00896F1C /* Products */,
				2562064429E5A6B100896F1C /* Frameworks */,
			);
			sourceTree = "<group>";
		};
		256205FD29E5A2CB00896F1C /* Products */ = {
			isa = PBXGroup;
			children = (
				256205FC29E5A2CB00896F1C /* CleanArchKit.framework */,
				2562060429E5A2CB00896F1C /* CleanArchKitTests.xctest */,
			);
			name = Products;
			sourceTree = "<group>";
		};
		256205FE29E5A2CB00896F1C /* CleanArchKit */ = {
			isa = PBXGroup;
			children = (
				280F99772B62A0D700F905B6 /* Base */,
				280F997D2B62A0D700F905B6 /* CleanArchKit.h */,
				280F99722B62A0D700F905B6 /* Protocol */,
			);
			path = CleanArchKit;
			sourceTree = "<group>";
		};
		2562060829E5A2CB00896F1C /* CleanArchKitTests */ = {
			isa = PBXGroup;
			children = (
				280F996B2B629F7700F905B6 /* CleanArchKitTests.swift */,
				280F996F2B62A09200F905B6 /* Mocks */,
			);
			path = CleanArchKitTests;
			sourceTree = "<group>";
		};
		2562064429E5A6B100896F1C /* Frameworks */ = {
			isa = PBXGroup;
			children = (
				2525941929F18B290007F0D1 /* RxSwift.framework */,
			);
			name = Frameworks;
			sourceTree = "<group>";
		};
		280F996F2B62A09200F905B6 /* Mocks */ = {
			isa = PBXGroup;
			children = (
				280F99702B62A0A100F905B6 /* MockMapper.swift */,
			);
			name = Mocks;
			path = ../../Tests/CleanArchKitTests/Mocks;
			sourceTree = "<group>";
		};
		280F99722B62A0D700F905B6 /* Protocol */ = {
			isa = PBXGroup;
			children = (
				280F99732B62A0D700F905B6 /* ViewControllerProtocol.swift */,
				280F99742B62A0D700F905B6 /* ViewModelProtocol.swift */,
				280F99752B62A0D700F905B6 /* Router.swift */,
				280F99762B62A0D700F905B6 /* DIProtocol.swift */,
			);
			name = Protocol;
			path = ../../Sources/CleanArchKit/Protocol;
			sourceTree = "<group>";
		};
		280F99772B62A0D700F905B6 /* Base */ = {
			isa = PBXGroup;
			children = (
				280F99782B62A0D700F905B6 /* BaseUseCase.swift */,
				280F99792B62A0D700F905B6 /* BaseViewController.swift */,
				280F997A2B62A0D700F905B6 /* BaseViewModel.swift */,
				280F997B2B62A0D700F905B6 /* BaseRouter.swift */,
				280F997C2B62A0D700F905B6 /* BaseMapper.swift */,
			);
			name = Base;
			path = ../../Sources/CleanArchKit/Base;
			sourceTree = "<group>";
		};
/* End PBXGroup section */

/* Begin PBXHeadersBuildPhase section */
		256205F729E5A2CB00896F1C /* Headers */ = {
			isa = PBXHeadersBuildPhase;
			buildActionMask = 2147483647;
			files = (
				280F99872B62A0D700F905B6 /* CleanArchKit.h in Headers */,
			);
			runOnlyForDeploymentPostprocessing = 0;
		};
/* End PBXHeadersBuildPhase section */

/* Begin PBXNativeTarget section */
		256205FB29E5A2CB00896F1C /* CleanArchKit */ = {
			isa = PBXNativeTarget;
			buildConfigurationList = 2562060E29E5A2CB00896F1C /* Build configuration list for PBXNativeTarget "CleanArchKit" */;
			buildPhases = (
				256205F729E5A2CB00896F1C /* Headers */,
				256205F829E5A2CB00896F1C /* Sources */,
				256205F929E5A2CB00896F1C /* Frameworks */,
				256205FA29E5A2CB00896F1C /* Resources */,
			);
			buildRules = (
			);
			dependencies = (
			);
			name = CleanArchKit;
			productName = CleanArchKit;
			productReference = 256205FC29E5A2CB00896F1C /* CleanArchKit.framework */;
			productType = "com.apple.product-type.framework";
		};
		2562060329E5A2CB00896F1C /* CleanArchKitTests */ = {
			isa = PBXNativeTarget;
			buildConfigurationList = 2562061129E5A2CB00896F1C /* Build configuration list for PBXNativeTarget "CleanArchKitTests" */;
			buildPhases = (
				2562060029E5A2CB00896F1C /* Sources */,
				2562060129E5A2CB00896F1C /* Frameworks */,
				2562060229E5A2CB00896F1C /* Resources */,
			);
			buildRules = (
			);
			dependencies = (
				2562060729E5A2CB00896F1C /* PBXTargetDependency */,
			);
			name = CleanArchKitTests;
			productName = CleanArchKitTests;
			productReference = 2562060429E5A2CB00896F1C /* CleanArchKitTests.xctest */;
			productType = "com.apple.product-type.bundle.unit-test";
		};
/* End PBXNativeTarget section */

/* Begin PBXProject section */
		256205F329E5A2CB00896F1C /* Project object */ = {
			isa = PBXProject;
			attributes = {
				BuildIndependentTargetsInParallel = 1;
				LastSwiftUpdateCheck = 1420;
				LastUpgradeCheck = 1420;
				TargetAttributes = {
					256205FB29E5A2CB00896F1C = {
						CreatedOnToolsVersion = 14.2;
						LastSwiftMigration = 1420;
					};
					2562060329E5A2CB00896F1C = {
						CreatedOnToolsVersion = 14.2;
						LastSwiftMigration = 1520;
					};
				};
			};
			buildConfigurationList = 256205F629E5A2CB00896F1C /* Build configuration list for PBXProject "CleanArchKit" */;
			compatibilityVersion = "Xcode 14.0";
			developmentRegion = en;
			hasScannedForEncodings = 0;
			knownRegions = (
				en,
				Base,
			);
			mainGroup = 256205F229E5A2CB00896F1C;
			productRefGroup = 256205FD29E5A2CB00896F1C /* Products */;
			projectDirPath = "";
			projectRoot = "";
			targets = (
				256205FB29E5A2CB00896F1C /* CleanArchKit */,
				2562060329E5A2CB00896F1C /* CleanArchKitTests */,
			);
		};
/* End PBXProject section */

/* Begin PBXResourcesBuildPhase section */
		256205FA29E5A2CB00896F1C /* Resources */ = {
			isa = PBXResourcesBuildPhase;
			buildActionMask = 2147483647;
			files = (
			);
			runOnlyForDeploymentPostprocessing = 0;
		};
		2562060229E5A2CB00896F1C /* Resources */ = {
			isa = PBXResourcesBuildPhase;
			buildActionMask = 2147483647;
			files = (
			);
			runOnlyForDeploymentPostprocessing = 0;
		};
/* End PBXResourcesBuildPhase section */

/* Begin PBXSourcesBuildPhase section */
		256205F829E5A2CB00896F1C /* Sources */ = {
			isa = PBXSourcesBuildPhase;
			buildActionMask = 2147483647;
			files = (
				280F997F2B62A0D700F905B6 /* ViewModelProtocol.swift in Sources */,
				280F99802B62A0D700F905B6 /* Router.swift in Sources */,
				280F99812B62A0D700F905B6 /* DIProtocol.swift in Sources */,
				280F99842B62A0D700F905B6 /* BaseViewModel.swift in Sources */,
				280F99822B62A0D700F905B6 /* BaseUseCase.swift in Sources */,
				280F997E2B62A0D700F905B6 /* ViewControllerProtocol.swift in Sources */,
				280F99862B62A0D700F905B6 /* BaseMapper.swift in Sources */,
				280F99832B62A0D700F905B6 /* BaseViewController.swift in Sources */,
				280F99852B62A0D700F905B6 /* BaseRouter.swift in Sources */,
			);
			runOnlyForDeploymentPostprocessing = 0;
		};
		2562060029E5A2CB00896F1C /* Sources */ = {
			isa = PBXSourcesBuildPhase;
			buildActionMask = 2147483647;
			files = (
				280F99712B62A0A100F905B6 /* MockMapper.swift in Sources */,
				280F996D2B629F7700F905B6 /* CleanArchKitTests.swift in Sources */,
			);
			runOnlyForDeploymentPostprocessing = 0;
		};
/* End PBXSourcesBuildPhase section */

/* Begin PBXTargetDependency section */
		2562060729E5A2CB00896F1C /* PBXTargetDependency */ = {
			isa = PBXTargetDependency;
			target = 256205FB29E5A2CB00896F1C /* CleanArchKit */;
			targetProxy = 2562060629E5A2CB00896F1C /* PBXContainerItemProxy */;
		};
/* End PBXTargetDependency section */

/* Begin XCBuildConfiguration section */
		2562060C29E5A2CB00896F1C /* Debug */ = {
			isa = XCBuildConfiguration;
			buildSettings = {
				ALWAYS_SEARCH_USER_PATHS = NO;
				CLANG_ANALYZER_NONNULL = YES;
				CLANG_ANALYZER_NUMBER_OBJECT_CONVERSION = YES_AGGRESSIVE;
				CLANG_CXX_LANGUAGE_STANDARD = "gnu++20";
				CLANG_ENABLE_MODULES = YES;
				CLANG_ENABLE_OBJC_ARC = YES;
				CLANG_ENABLE_OBJC_WEAK = YES;
				CLANG_WARN_BLOCK_CAPTURE_AUTORELEASING = YES;
				CLANG_WARN_BOOL_CONVERSION = YES;
				CLANG_WARN_COMMA = YES;
				CLANG_WARN_CONSTANT_CONVERSION = YES;
				CLANG_WARN_DEPRECATED_OBJC_IMPLEMENTATIONS = YES;
				CLANG_WARN_DIRECT_OBJC_ISA_USAGE = YES_ERROR;
				CLANG_WARN_DOCUMENTATION_COMMENTS = YES;
				CLANG_WARN_EMPTY_BODY = YES;
				CLANG_WARN_ENUM_CONVERSION = YES;
				CLANG_WARN_INFINITE_RECURSION = YES;
				CLANG_WARN_INT_CONVERSION = YES;
				CLANG_WARN_NON_LITERAL_NULL_CONVERSION = YES;
				CLANG_WARN_OBJC_IMPLICIT_RETAIN_SELF = YES;
				CLANG_WARN_OBJC_LITERAL_CONVERSION = YES;
				CLANG_WARN_OBJC_ROOT_CLASS = YES_ERROR;
				CLANG_WARN_QUOTED_INCLUDE_IN_FRAMEWORK_HEADER = YES;
				CLANG_WARN_RANGE_LOOP_ANALYSIS = YES;
				CLANG_WARN_STRICT_PROTOTYPES = YES;
				CLANG_WARN_SUSPICIOUS_MOVE = YES;
				CLANG_WARN_UNGUARDED_AVAILABILITY = YES_AGGRESSIVE;
				CLANG_WARN_UNREACHABLE_CODE = YES;
				CLANG_WARN__DUPLICATE_METHOD_MATCH = YES;
				COPY_PHASE_STRIP = NO;
				CURRENT_PROJECT_VERSION = 1;
				DEBUG_INFORMATION_FORMAT = dwarf;
				ENABLE_STRICT_OBJC_MSGSEND = YES;
				ENABLE_TESTABILITY = YES;
				GCC_C_LANGUAGE_STANDARD = gnu11;
				GCC_DYNAMIC_NO_PIC = NO;
				GCC_NO_COMMON_BLOCKS = YES;
				GCC_OPTIMIZATION_LEVEL = 0;
				GCC_PREPROCESSOR_DEFINITIONS = (
					"DEBUG=1",
					"$(inherited)",
				);
				GCC_WARN_64_TO_32_BIT_CONVERSION = YES;
				GCC_WARN_ABOUT_RETURN_TYPE = YES_ERROR;
				GCC_WARN_UNDECLARED_SELECTOR = YES;
				GCC_WARN_UNINITIALIZED_AUTOS = YES_AGGRESSIVE;
				GCC_WARN_UNUSED_FUNCTION = YES;
				GCC_WARN_UNUSED_VARIABLE = YES;
				IPHONEOS_DEPLOYMENT_TARGET = 12.0;
				MTL_ENABLE_DEBUG_INFO = INCLUDE_SOURCE;
				MTL_FAST_MATH = YES;
				ONLY_ACTIVE_ARCH = YES;
				SDKROOT = iphoneos;
				SWIFT_ACTIVE_COMPILATION_CONDITIONS = DEBUG;
				SWIFT_OPTIMIZATION_LEVEL = "-Onone";
				VERSIONING_SYSTEM = "apple-generic";
				VERSION_INFO_PREFIX = "";
			};
			name = Debug;
		};
		2562060D29E5A2CB00896F1C /* Release */ = {
			isa = XCBuildConfiguration;
			buildSettings = {
				ALWAYS_SEARCH_USER_PATHS = NO;
				CLANG_ANALYZER_NONNULL = YES;
				CLANG_ANALYZER_NUMBER_OBJECT_CONVERSION = YES_AGGRESSIVE;
				CLANG_CXX_LANGUAGE_STANDARD = "gnu++20";
				CLANG_ENABLE_MODULES = YES;
				CLANG_ENABLE_OBJC_ARC = YES;
				CLANG_ENABLE_OBJC_WEAK = YES;
				CLANG_WARN_BLOCK_CAPTURE_AUTORELEASING = YES;
				CLANG_WARN_BOOL_CONVERSION = YES;
				CLANG_WARN_COMMA = YES;
				CLANG_WARN_CONSTANT_CONVERSION = YES;
				CLANG_WARN_DEPRECATED_OBJC_IMPLEMENTATIONS = YES;
				CLANG_WARN_DIRECT_OBJC_ISA_USAGE = YES_ERROR;
				CLANG_WARN_DOCUMENTATION_COMMENTS = YES;
				CLANG_WARN_EMPTY_BODY = YES;
				CLANG_WARN_ENUM_CONVERSION = YES;
				CLANG_WARN_INFINITE_RECURSION = YES;
				CLANG_WARN_INT_CONVERSION = YES;
				CLANG_WARN_NON_LITERAL_NULL_CONVERSION = YES;
				CLANG_WARN_OBJC_IMPLICIT_RETAIN_SELF = YES;
				CLANG_WARN_OBJC_LITERAL_CONVERSION = YES;
				CLANG_WARN_OBJC_ROOT_CLASS = YES_ERROR;
				CLANG_WARN_QUOTED_INCLUDE_IN_FRAMEWORK_HEADER = YES;
				CLANG_WARN_RANGE_LOOP_ANALYSIS = YES;
				CLANG_WARN_STRICT_PROTOTYPES = YES;
				CLANG_WARN_SUSPICIOUS_MOVE = YES;
				CLANG_WARN_UNGUARDED_AVAILABILITY = YES_AGGRESSIVE;
				CLANG_WARN_UNREACHABLE_CODE = YES;
				CLANG_WARN__DUPLICATE_METHOD_MATCH = YES;
				COPY_PHASE_STRIP = NO;
				CURRENT_PROJECT_VERSION = 1;
				DEBUG_INFORMATION_FORMAT = "dwarf-with-dsym";
				ENABLE_NS_ASSERTIONS = NO;
				ENABLE_STRICT_OBJC_MSGSEND = YES;
				GCC_C_LANGUAGE_STANDARD = gnu11;
				GCC_NO_COMMON_BLOCKS = YES;
				GCC_WARN_64_TO_32_BIT_CONVERSION = YES;
				GCC_WARN_ABOUT_RETURN_TYPE = YES_ERROR;
				GCC_WARN_UNDECLARED_SELECTOR = YES;
				GCC_WARN_UNINITIALIZED_AUTOS = YES_AGGRESSIVE;
				GCC_WARN_UNUSED_FUNCTION = YES;
				GCC_WARN_UNUSED_VARIABLE = YES;
				IPHONEOS_DEPLOYMENT_TARGET = 12.0;
				MTL_ENABLE_DEBUG_INFO = NO;
				MTL_FAST_MATH = YES;
				SDKROOT = iphoneos;
				SWIFT_COMPILATION_MODE = wholemodule;
				SWIFT_OPTIMIZATION_LEVEL = "-O";
				VALIDATE_PRODUCT = YES;
				VERSIONING_SYSTEM = "apple-generic";
				VERSION_INFO_PREFIX = "";
			};
			name = Release;
		};
		2562060F29E5A2CB00896F1C /* Debug */ = {
			isa = XCBuildConfiguration;
			buildSettings = {
				CLANG_ENABLE_MODULES = YES;
				CODE_SIGN_STYLE = Automatic;
				CURRENT_PROJECT_VERSION = 1;
				DEFINES_MODULE = YES;
				DEVELOPMENT_TEAM = FEV8Q8DHKC;
				DYLIB_COMPATIBILITY_VERSION = 1;
				DYLIB_CURRENT_VERSION = 1;
				DYLIB_INSTALL_NAME_BASE = "@rpath";
				FRAMEWORK_SEARCH_PATHS = "";
				GENERATE_INFOPLIST_FILE = YES;
				HEADER_SEARCH_PATHS = "";
				INFOPLIST_KEY_NSHumanReadableCopyright = "";
				INSTALL_PATH = "$(LOCAL_LIBRARY_DIR)/Frameworks";
				IPHONEOS_DEPLOYMENT_TARGET = 12.0;
				MARKETING_VERSION = 1.0;
				PRODUCT_BUNDLE_IDENTIFIER = com.kangama.CleanArchKit;
				PRODUCT_NAME = "$(TARGET_NAME:c99extidentifier)";
				SKIP_INSTALL = YES;
				SWIFT_EMIT_LOC_STRINGS = YES;
				SWIFT_OPTIMIZATION_LEVEL = "-Onone";
				SWIFT_VERSION = 5.0;
				SYSTEM_FRAMEWORK_SEARCH_PATHS = "";
				SYSTEM_HEADER_SEARCH_PATHS = "";
				TARGETED_DEVICE_FAMILY = "1,2";
			};
			name = Debug;
		};
		2562061029E5A2CB00896F1C /* Release */ = {
			isa = XCBuildConfiguration;
			buildSettings = {
				CLANG_ENABLE_MODULES = YES;
				CODE_SIGN_STYLE = Automatic;
				CURRENT_PROJECT_VERSION = 1;
				DEFINES_MODULE = YES;
				DEVELOPMENT_TEAM = FEV8Q8DHKC;
				DYLIB_COMPATIBILITY_VERSION = 1;
				DYLIB_CURRENT_VERSION = 1;
				DYLIB_INSTALL_NAME_BASE = "@rpath";
				GENERATE_INFOPLIST_FILE = YES;
				INFOPLIST_KEY_NSHumanReadableCopyright = "";
				INSTALL_PATH = "$(LOCAL_LIBRARY_DIR)/Frameworks";
				IPHONEOS_DEPLOYMENT_TARGET = 12.0;
				MARKETING_VERSION = 1.0;
				PRODUCT_BUNDLE_IDENTIFIER = com.kangama.CleanArchKit;
				PRODUCT_NAME = "$(TARGET_NAME:c99extidentifier)";
				SKIP_INSTALL = YES;
				SWIFT_EMIT_LOC_STRINGS = YES;
				SWIFT_VERSION = 5.0;
				SYSTEM_FRAMEWORK_SEARCH_PATHS = "";
				SYSTEM_HEADER_SEARCH_PATHS = "";
				TARGETED_DEVICE_FAMILY = "1,2";
			};
			name = Release;
		};
		2562061229E5A2CB00896F1C /* Debug */ = {
			isa = XCBuildConfiguration;
			buildSettings = {
				ALWAYS_EMBED_SWIFT_STANDARD_LIBRARIES = YES;
				CLANG_ENABLE_MODULES = YES;
				CODE_SIGN_STYLE = Automatic;
				CURRENT_PROJECT_VERSION = 1;
				DEVELOPMENT_TEAM = FEV8Q8DHKC;
				FRAMEWORK_SEARCH_PATHS = "";
				GENERATE_INFOPLIST_FILE = YES;
				HEADER_SEARCH_PATHS = "";
				IPHONEOS_DEPLOYMENT_TARGET = 12.0;
				MARKETING_VERSION = 1.0;
				PRODUCT_BUNDLE_IDENTIFIER = com.kangama.CleanArchKitTests;
				PRODUCT_NAME = "$(TARGET_NAME)";
				SWIFT_EMIT_LOC_STRINGS = NO;
				SWIFT_OPTIMIZATION_LEVEL = "-Onone";
				SWIFT_VERSION = 5.0;
				TARGETED_DEVICE_FAMILY = "1,2";
			};
			name = Debug;
		};
		2562061329E5A2CB00896F1C /* Release */ = {
			isa = XCBuildConfiguration;
			buildSettings = {
				ALWAYS_EMBED_SWIFT_STANDARD_LIBRARIES = YES;
				CLANG_ENABLE_MODULES = YES;
				CODE_SIGN_STYLE = Automatic;
				CURRENT_PROJECT_VERSION = 1;
				DEVELOPMENT_TEAM = FEV8Q8DHKC;
				FRAMEWORK_SEARCH_PATHS = "";
				GENERATE_INFOPLIST_FILE = YES;
				HEADER_SEARCH_PATHS = "";
				IPHONEOS_DEPLOYMENT_TARGET = 12.0;
				MARKETING_VERSION = 1.0;
				PRODUCT_BUNDLE_IDENTIFIER = com.kangama.CleanArchKitTests;
				PRODUCT_NAME = "$(TARGET_NAME)";
				SWIFT_EMIT_LOC_STRINGS = NO;
				SWIFT_VERSION = 5.0;
				TARGETED_DEVICE_FAMILY = "1,2";
			};
			name = Release;
		};
/* End XCBuildConfiguration section */

/* Begin XCConfigurationList section */
		256205F629E5A2CB00896F1C /* Build configuration list for PBXProject "CleanArchKit" */ = {
			isa = XCConfigurationList;
			buildConfigurations = (
				2562060C29E5A2CB00896F1C /* Debug */,
				2562060D29E5A2CB00896F1C /* Release */,
			);
			defaultConfigurationIsVisible = 0;
			defaultConfigurationName = Release;
		};
		2562060E29E5A2CB00896F1C /* Build configuration list for PBXNativeTarget "CleanArchKit" */ = {
			isa = XCConfigurationList;
			buildConfigurations = (
				2562060F29E5A2CB00896F1C /* Debug */,
				2562061029E5A2CB00896F1C /* Release */,
			);
			defaultConfigurationIsVisible = 0;
			defaultConfigurationName = Release;
		};
		2562061129E5A2CB00896F1C /* Build configuration list for PBXNativeTarget "CleanArchKitTests" */ = {
			isa = XCConfigurationList;
			buildConfigurations = (
				2562061229E5A2CB00896F1C /* Debug */,
				2562061329E5A2CB00896F1C /* Release */,
			);
			defaultConfigurationIsVisible = 0;
			defaultConfigurationName = Release;
		};
/* End XCConfigurationList section */
	};
	rootObject = 256205F329E5A2CB00896F1C /* Project object */;
}
